
Microsoft Visual Studio Solution File, Format Version 12.00
# Visual Studio Version 16
VisualStudioVersion = 16.0.32106.194
MinimumVisualStudioVersion = 10.0.40219.1
Project("{2150E333-8FDC-42A3-9474-1A3956D46DE8}") = "Internal", "Internal", "{3EEC479B-AA9A-438B-9BA3-506142D1AE99}"
EndProject
Project("{2150E333-8FDC-42A3-9474-1A3956D46DE8}") = "Tests", "Tests", "{E667EBE2-2256-44A9-9E59-3D31B4973D33}"
EndProject
Project("{9A19103F-16F7-4668-BE54-9A1E7A4F7556}") = "WPFTestProject.DataAccess", "WPFTestProject.DataAccess\WPFTestProject.DataAccess.csproj", "{94006C2B-E566-4521-8C7A-9A4F65B54D72}"
EndProject
Project("{FAE04EC0-301F-11D3-BF4B-00C04F79EFBC}") = "TestAppForSortingCvs", "TestAppForSortingCvs\TestAppForSortingCvs.csproj", "{41F2A421-7C01-4813-AEE8-CBBFC3AE2C8F}"
EndProject
Project("{FAE04EC0-301F-11D3-BF4B-00C04F79EFBC}") = "WPFTestProject.Tests", "WPFTestProject.Tests\WPFTestProject.Tests.csproj", "{42DB17D8-C241-407C-AE13-68852794E09A}"
EndProject
Project("{FAE04EC0-301F-11D3-BF4B-00C04F79EFBC}") = "WPFTestProject.Svc", "WPFTestProject.Svc\WPFTestProject.Svc.csproj", "{05586E71-744B-44B0-880B-05408B8933DB}"
EndProject
Project("{FAE04EC0-301F-11D3-BF4B-00C04F79EFBC}") = "WPFTestProject.WPF", "WPFTestProject.WPF\WPFTestProject.WPF.csproj", "{777433BB-BCA5-49F4-9E7B-F22F3D83C9A3}"
EndProject
Global
	GlobalSection(SolutionConfigurationPlatforms) = preSolution
		Debug|Any CPU = Debug|Any CPU
		Release|Any CPU = Release|Any CPU
	EndGlobalSection
	GlobalSection(ProjectConfigurationPlatforms) = postSolution
		{94006C2B-E566-4521-8C7A-9A4F65B54D72}.Debug|Any CPU.ActiveCfg = Debug|Any CPU
		{94006C2B-E566-4521-8C7A-9A4F65B54D72}.Debug|Any CPU.Build.0 = Debug|Any CPU
		{94006C2B-E566-4521-8C7A-9A4F65B54D72}.Release|Any CPU.ActiveCfg = Release|Any CPU
		{94006C2B-E566-4521-8C7A-9A4F65B54D72}.Release|Any CPU.Build.0 = Release|Any CPU
		{41F2A421-7C01-4813-AEE8-CBBFC3AE2C8F}.Debug|Any CPU.ActiveCfg = Debug|Any CPU
		{41F2A421-7C01-4813-AEE8-CBBFC3AE2C8F}.Debug|Any CPU.Build.0 = Debug|Any CPU
		{41F2A421-7C01-4813-AEE8-CBBFC3AE2C8F}.Release|Any CPU.ActiveCfg = Release|Any CPU
		{41F2A421-7C01-4813-AEE8-CBBFC3AE2C8F}.Release|Any CPU.Build.0 = Release|Any CPU
		{42DB17D8-C241-407C-AE13-68852794E09A}.Debug|Any CPU.ActiveCfg = Debug|Any CPU
		{42DB17D8-C241-407C-AE13-68852794E09A}.Debug|Any CPU.Build.0 = Debug|Any CPU
		{42DB17D8-C241-407C-AE13-68852794E09A}.Release|Any CPU.ActiveCfg = Release|Any CPU
		{42DB17D8-C241-407C-AE13-68852794E09A}.Release|Any CPU.Build.0 = Release|Any CPU
		{05586E71-744B-44B0-880B-05408B8933DB}.Debug|Any CPU.ActiveCfg = Debug|Any CPU
		{05586E71-744B-44B0-880B-05408B8933DB}.Debug|Any CPU.Build.0 = Debug|Any CPU
		{05586E71-744B-44B0-880B-05408B8933DB}.Release|Any CPU.ActiveCfg = Release|Any CPU
		{05586E71-744B-44B0-880B-05408B8933DB}.Release|Any CPU.Build.0 = Release|Any CPU
		{777433BB-BCA5-49F4-9E7B-F22F3D83C9A3}.Debug|Any CPU.ActiveCfg = Debug|Any CPU
		{777433BB-BCA5-49F4-9E7B-F22F3D83C9A3}.Debug|Any CPU.Build.0 = Debug|Any CPU
		{777433BB-BCA5-49F4-9E7B-F22F3D83C9A3}.Release|Any CPU.ActiveCfg = Release|Any CPU
		{777433BB-BCA5-49F4-9E7B-F22F3D83C9A3}.Release|Any CPU.Build.0 = Release|Any CPU
	EndGlobalSection
	GlobalSection(SolutionProperties) = preSolution
		HideSolutionNode = FALSE
	EndGlobalSection
	GlobalSection(NestedProjects) = preSolution
		{94006C2B-E566-4521-8C7A-9A4F65B54D72} = {3EEC479B-AA9A-438B-9BA3-506142D1AE99}
		{42DB17D8-C241-407C-AE13-68852794E09A} = {E667EBE2-2256-44A9-9E59-3D31B4973D33}
		{05586E71-744B-44B0-880B-05408B8933DB} = {3EEC479B-AA9A-438B-9BA3-506142D1AE99}
	EndGlobalSection
	GlobalSection(ExtensibilityGlobals) = postSolution
		SolutionGuid = {A4532DDD-B77F-415C-99FA-5C7E8682FE06}
	EndGlobalSection
EndGlobal
